
Microsoft Visual Studio Solution File, Format Version 12.00
# Visual Studio 15
VisualStudioVersion = 15.0.26124.0
MinimumVisualStudioVersion = 15.0.26124.0
Project("{2150E333-8FDC-42A3-9474-1A3956D46DE8}") = "src", "src", "{A7EEB192-0DCB-422A-9ECD-A78D7F769BB5}"
EndProject
Project("{FAE04EC0-301F-11D3-BF4B-00C04F79EFBC}") = "WebUI", "src\WebUI\WebUI.csproj", "{AE7EC727-E93F-4D0D-9CAE-27747D59BB33}"
EndProject
Project("{FAE04EC0-301F-11D3-BF4B-00C04F79EFBC}") = "Application", "src\Application\Application.csproj", "{4039F415-6BA9-4494-86DE-6767627786F8}"
EndProject
Project("{FAE04EC0-301F-11D3-BF4B-00C04F79EFBC}") = "Infrastructure", "src\Infrastructure\Infrastructure.csproj", "{C6527645-D59C-4D2A-A539-B9C88AEB67DD}"
EndProject
Project("{FAE04EC0-301F-11D3-BF4B-00C04F79EFBC}") = "Domain", "src\Domain\Domain.csproj", "{6E73DB3C-568F-4345-8866-E6010453B948}"
EndProject
Global
	GlobalSection(SolutionConfigurationPlatforms) = preSolution
		Debug|Any CPU = Debug|Any CPU
		Debug|x64 = Debug|x64
		Debug|x86 = Debug|x86
		Release|Any CPU = Release|Any CPU
		Release|x64 = Release|x64
		Release|x86 = Release|x86
	EndGlobalSection
	GlobalSection(SolutionProperties) = preSolution
		HideSolutionNode = FALSE
	EndGlobalSection
	GlobalSection(ProjectConfigurationPlatforms) = postSolution
		{AE7EC727-E93F-4D0D-9CAE-27747D59BB33}.Debug|Any CPU.ActiveCfg = Debug|Any CPU
		{AE7EC727-E93F-4D0D-9CAE-27747D59BB33}.Debug|Any CPU.Build.0 = Debug|Any CPU
		{AE7EC727-E93F-4D0D-9CAE-27747D59BB33}.Debug|x64.ActiveCfg = Debug|Any CPU
		{AE7EC727-E93F-4D0D-9CAE-27747D59BB33}.Debug|x64.Build.0 = Debug|Any CPU
		{AE7EC727-E93F-4D0D-9CAE-27747D59BB33}.Debug|x86.ActiveCfg = Debug|Any CPU
		{AE7EC727-E93F-4D0D-9CAE-27747D59BB33}.Debug|x86.Build.0 = Debug|Any CPU
		{AE7EC727-E93F-4D0D-9CAE-27747D59BB33}.Release|Any CPU.ActiveCfg = Release|Any CPU
		{AE7EC727-E93F-4D0D-9CAE-27747D59BB33}.Release|Any CPU.Build.0 = Release|Any CPU
		{AE7EC727-E93F-4D0D-9CAE-27747D59BB33}.Release|x64.ActiveCfg = Release|Any CPU
		{AE7EC727-E93F-4D0D-9CAE-27747D59BB33}.Release|x64.Build.0 = Release|Any CPU
		{AE7EC727-E93F-4D0D-9CAE-27747D59BB33}.Release|x86.ActiveCfg = Release|Any CPU
		{AE7EC727-E93F-4D0D-9CAE-27747D59BB33}.Release|x86.Build.0 = Release|Any CPU
		{4039F415-6BA9-4494-86DE-6767627786F8}.Debug|Any CPU.ActiveCfg = Debug|Any CPU
		{4039F415-6BA9-4494-86DE-6767627786F8}.Debug|Any CPU.Build.0 = Debug|Any CPU
		{4039F415-6BA9-4494-86DE-6767627786F8}.Debug|x64.ActiveCfg = Debug|Any CPU
		{4039F415-6BA9-4494-86DE-6767627786F8}.Debug|x64.Build.0 = Debug|Any CPU
		{4039F415-6BA9-4494-86DE-6767627786F8}.Debug|x86.ActiveCfg = Debug|Any CPU
		{4039F415-6BA9-4494-86DE-6767627786F8}.Debug|x86.Build.0 = Debug|Any CPU
		{4039F415-6BA9-4494-86DE-6767627786F8}.Release|Any CPU.ActiveCfg = Release|Any CPU
		{4039F415-6BA9-4494-86DE-6767627786F8}.Release|Any CPU.Build.0 = Release|Any CPU
		{4039F415-6BA9-4494-86DE-6767627786F8}.Release|x64.ActiveCfg = Release|Any CPU
		{4039F415-6BA9-4494-86DE-6767627786F8}.Release|x64.Build.0 = Release|Any CPU
		{4039F415-6BA9-4494-86DE-6767627786F8}.Release|x86.ActiveCfg = Release|Any CPU
		{4039F415-6BA9-4494-86DE-6767627786F8}.Release|x86.Build.0 = Release|Any CPU
		{C6527645-D59C-4D2A-A539-B9C88AEB67DD}.Debug|Any CPU.ActiveCfg = Debug|Any CPU
		{C6527645-D59C-4D2A-A539-B9C88AEB67DD}.Debug|Any CPU.Build.0 = Debug|Any CPU
		{C6527645-D59C-4D2A-A539-B9C88AEB67DD}.Debug|x64.ActiveCfg = Debug|Any CPU
		{C6527645-D59C-4D2A-A539-B9C88AEB67DD}.Debug|x64.Build.0 = Debug|Any CPU
		{C6527645-D59C-4D2A-A539-B9C88AEB67DD}.Debug|x86.ActiveCfg = Debug|Any CPU
		{C6527645-D59C-4D2A-A539-B9C88AEB67DD}.Debug|x86.Build.0 = Debug|Any CPU
		{C6527645-D59C-4D2A-A539-B9C88AEB67DD}.Release|Any CPU.ActiveCfg = Release|Any CPU
		{C6527645-D59C-4D2A-A539-B9C88AEB67DD}.Release|Any CPU.Build.0 = Release|Any CPU
		{C6527645-D59C-4D2A-A539-B9C88AEB67DD}.Release|x64.ActiveCfg = Release|Any CPU
		{C6527645-D59C-4D2A-A539-B9C88AEB67DD}.Release|x64.Build.0 = Release|Any CPU
		{C6527645-D59C-4D2A-A539-B9C88AEB67DD}.Release|x86.ActiveCfg = Release|Any CPU
		{C6527645-D59C-4D2A-A539-B9C88AEB67DD}.Release|x86.Build.0 = Release|Any CPU
		{6E73DB3C-568F-4345-8866-E6010453B948}.Debug|Any CPU.ActiveCfg = Debug|Any CPU
		{6E73DB3C-568F-4345-8866-E6010453B948}.Debug|Any CPU.Build.0 = Debug|Any CPU
		{6E73DB3C-568F-4345-8866-E6010453B948}.Debug|x64.ActiveCfg = Debug|Any CPU
		{6E73DB3C-568F-4345-8866-E6010453B948}.Debug|x64.Build.0 = Debug|Any CPU
		{6E73DB3C-568F-4345-8866-E6010453B948}.Debug|x86.ActiveCfg = Debug|Any CPU
		{6E73DB3C-568F-4345-8866-E6010453B948}.Debug|x86.Build.0 = Debug|Any CPU
		{6E73DB3C-568F-4345-8866-E6010453B948}.Release|Any CPU.ActiveCfg = Release|Any CPU
		{6E73DB3C-568F-4345-8866-E6010453B948}.Release|Any CPU.Build.0 = Release|Any CPU
		{6E73DB3C-568F-4345-8866-E6010453B948}.Release|x64.ActiveCfg = Release|Any CPU
		{6E73DB3C-568F-4345-8866-E6010453B948}.Release|x64.Build.0 = Release|Any CPU
		{6E73DB3C-568F-4345-8866-E6010453B948}.Release|x86.ActiveCfg = Release|Any CPU
		{6E73DB3C-568F-4345-8866-E6010453B948}.Release|x86.Build.0 = Release|Any CPU
	EndGlobalSection
	GlobalSection(NestedProjects) = preSolution
		{AE7EC727-E93F-4D0D-9CAE-27747D59BB33} = {A7EEB192-0DCB-422A-9ECD-A78D7F769BB5}
		{4039F415-6BA9-4494-86DE-6767627786F8} = {A7EEB192-0DCB-422A-9ECD-A78D7F769BB5}
		{C6527645-D59C-4D2A-A539-B9C88AEB67DD} = {A7EEB192-0DCB-422A-9ECD-A78D7F769BB5}
		{6E73DB3C-568F-4345-8866-E6010453B948} = {A7EEB192-0DCB-422A-9ECD-A78D7F769BB5}
	EndGlobalSection
EndGlobal
